// !$*UTF8*$!
{
	archiveVersion = 1;
	classes = {
	};
	objectVersion = 55;
	objects = {

/* Begin PBXBuildFile section */
		2143412028113C530031BF49 /* MyTubeApp.swift in Sources */ = {isa = PBXBuildFile; fileRef = 2143411F28113C530031BF49 /* MyTubeApp.swift */; };
		2143412428113C540031BF49 /* Assets.xcassets in Resources */ = {isa = PBXBuildFile; fileRef = 2143412328113C540031BF49 /* Assets.xcassets */; };
		2143412728113C540031BF49 /* Preview Assets.xcassets in Resources */ = {isa = PBXBuildFile; fileRef = 2143412628113C540031BF49 /* Preview Assets.xcassets */; };
		2143412F28113C930031BF49 /* Alamofire in Frameworks */ = {isa = PBXBuildFile; productRef = 2143412E28113C930031BF49 /* Alamofire */; };
		2143413228113E210031BF49 /* Constants.swift in Sources */ = {isa = PBXBuildFile; fileRef = 2143413128113E210031BF49 /* Constants.swift */; };
		21434135281217790031BF49 /* Response.swift in Sources */ = {isa = PBXBuildFile; fileRef = 21434134281217790031BF49 /* Response.swift */; };
		21434137281217A50031BF49 /* Video.swift in Sources */ = {isa = PBXBuildFile; fileRef = 21434136281217A50031BF49 /* Video.swift */; };
		2143413A281221D50031BF49 /* VideoModel.swift in Sources */ = {isa = PBXBuildFile; fileRef = 21434139281221D50031BF49 /* VideoModel.swift */; };
		2143413C281225F20031BF49 /* VideoPreview.swift in Sources */ = {isa = PBXBuildFile; fileRef = 2143413B281225F20031BF49 /* VideoPreview.swift */; };
		2143413E2812B25D0031BF49 /* CacheManager.swift in Sources */ = {isa = PBXBuildFile; fileRef = 2143413D2812B25D0031BF49 /* CacheManager.swift */; };
		214341412812B5FB0031BF49 /* YoutubeVideoPlayer.swift in Sources */ = {isa = PBXBuildFile; fileRef = 214341402812B5FB0031BF49 /* YoutubeVideoPlayer.swift */; };
		214341432812B7A50031BF49 /* VideoDetail.swift in Sources */ = {isa = PBXBuildFile; fileRef = 214341422812B7A50031BF49 /* VideoDetail.swift */; };
		214341452812B8D10031BF49 /* VideoRow.swift in Sources */ = {isa = PBXBuildFile; fileRef = 214341442812B8D10031BF49 /* VideoRow.swift */; };
		214341472812BB650031BF49 /* Home.swift in Sources */ = {isa = PBXBuildFile; fileRef = 214341462812BB650031BF49 /* Home.swift */; };
/* End PBXBuildFile section */

/* Begin PBXFileReference section */
		2143411C28113C530031BF49 /* MyTube.app */ = {isa = PBXFileReference; explicitFileType = wrapper.application; includeInIndex = 0; path = MyTube.app; sourceTree = BUILT_PRODUCTS_DIR; };
		2143411F28113C530031BF49 /* MyTubeApp.swift */ = {isa = PBXFileReference; lastKnownFileType = sourcecode.swift; path = MyTubeApp.swift; sourceTree = "<group>"; };
		2143412328113C540031BF49 /* Assets.xcassets */ = {isa = PBXFileReference; lastKnownFileType = folder.assetcatalog; path = Assets.xcassets; sourceTree = "<group>"; };
		2143412628113C540031BF49 /* Preview Assets.xcassets */ = {isa = PBXFileReference; lastKnownFileType = folder.assetcatalog; path = "Preview Assets.xcassets"; sourceTree = "<group>"; };
		2143413128113E210031BF49 /* Constants.swift */ = {isa = PBXFileReference; lastKnownFileType = sourcecode.swift; path = Constants.swift; sourceTree = "<group>"; };
		21434134281217790031BF49 /* Response.swift */ = {isa = PBXFileReference; lastKnownFileType = sourcecode.swift; path = Response.swift; sourceTree = "<group>"; };
		21434136281217A50031BF49 /* Video.swift */ = {isa = PBXFileReference; lastKnownFileType = sourcecode.swift; path = Video.swift; sourceTree = "<group>"; };
		21434139281221D50031BF49 /* VideoModel.swift */ = {isa = PBXFileReference; lastKnownFileType = sourcecode.swift; path = VideoModel.swift; sourceTree = "<group>"; };
		2143413B281225F20031BF49 /* VideoPreview.swift */ = {isa = PBXFileReference; lastKnownFileType = sourcecode.swift; path = VideoPreview.swift; sourceTree = "<group>"; };
		2143413D2812B25D0031BF49 /* CacheManager.swift */ = {isa = PBXFileReference; lastKnownFileType = sourcecode.swift; path = CacheManager.swift; sourceTree = "<group>"; };
		214341402812B5FB0031BF49 /* YoutubeVideoPlayer.swift */ = {isa = PBXFileReference; lastKnownFileType = sourcecode.swift; path = YoutubeVideoPlayer.swift; sourceTree = "<group>"; };
		214341422812B7A50031BF49 /* VideoDetail.swift */ = {isa = PBXFileReference; lastKnownFileType = sourcecode.swift; path = VideoDetail.swift; sourceTree = "<group>"; };
		214341442812B8D10031BF49 /* VideoRow.swift */ = {isa = PBXFileReference; lastKnownFileType = sourcecode.swift; path = VideoRow.swift; sourceTree = "<group>"; };
		214341462812BB650031BF49 /* Home.swift */ = {isa = PBXFileReference; lastKnownFileType = sourcecode.swift; path = Home.swift; sourceTree = "<group>"; };
/* End PBXFileReference section */

/* Begin PBXFrameworksBuildPhase section */
		2143411928113C530031BF49 /* Frameworks */ = {
			isa = PBXFrameworksBuildPhase;
			buildActionMask = 2147483647;
			files = (
				2143412F28113C930031BF49 /* Alamofire in Frameworks */,
			);
			runOnlyForDeploymentPostprocessing = 0;
		};
/* End PBXFrameworksBuildPhase section */

/* Begin PBXGroup section */
		2143411328113C530031BF49 = {
			isa = PBXGroup;
			children = (
				2143411E28113C530031BF49 /* MyTube */,
				2143411D28113C530031BF49 /* Products */,
			);
			sourceTree = "<group>";
		};
		2143411D28113C530031BF49 /* Products */ = {
			isa = PBXGroup;
			children = (
				2143411C28113C530031BF49 /* MyTube.app */,
			);
			name = Products;
			sourceTree = "<group>";
		};
		2143411E28113C530031BF49 /* MyTube */ = {
			isa = PBXGroup;
			children = (
				2143411F28113C530031BF49 /* MyTubeApp.swift */,
				2143413F2812B5E90031BF49 /* View */,
				21434138281221CC0031BF49 /* ViewModel */,
				214341332812176B0031BF49 /* Model */,
				2143413028113E0C0031BF49 /* Helpers */,
				2143412328113C540031BF49 /* Assets.xcassets */,
				2143412528113C540031BF49 /* Preview Content */,
			);
			path = MyTube;
			sourceTree = "<group>";
		};
		2143412528113C540031BF49 /* Preview Content */ = {
			isa = PBXGroup;
			children = (
				2143412628113C540031BF49 /* Preview Assets.xcassets */,
			);
			path = "Preview Content";
			sourceTree = "<group>";
		};
		2143413028113E0C0031BF49 /* Helpers */ = {
			isa = PBXGroup;
			children = (
				2143413128113E210031BF49 /* Constants.swift */,
				2143413D2812B25D0031BF49 /* CacheManager.swift */,
			);
			path = Helpers;
			sourceTree = "<group>";
		};
		214341332812176B0031BF49 /* Model */ = {
			isa = PBXGroup;
			children = (
				21434134281217790031BF49 /* Response.swift */,
				21434136281217A50031BF49 /* Video.swift */,
			);
			path = Model;
			sourceTree = "<group>";
		};
		21434138281221CC0031BF49 /* ViewModel */ = {
			isa = PBXGroup;
			children = (
				21434139281221D50031BF49 /* VideoModel.swift */,
				2143413B281225F20031BF49 /* VideoPreview.swift */,
			);
			path = ViewModel;
			sourceTree = "<group>";
		};
		2143413F2812B5E90031BF49 /* View */ = {
			isa = PBXGroup;
			children = (
				214341402812B5FB0031BF49 /* YoutubeVideoPlayer.swift */,
				214341422812B7A50031BF49 /* VideoDetail.swift */,
				214341442812B8D10031BF49 /* VideoRow.swift */,
				214341462812BB650031BF49 /* Home.swift */,
			);
			path = View;
			sourceTree = "<group>";
		};
/* End PBXGroup section */

/* Begin PBXNativeTarget section */
		2143411B28113C530031BF49 /* MyTube */ = {
			isa = PBXNativeTarget;
			buildConfigurationList = 2143412A28113C540031BF49 /* Build configuration list for PBXNativeTarget "MyTube" */;
			buildPhases = (
				2143411828113C530031BF49 /* Sources */,
				2143411928113C530031BF49 /* Frameworks */,
				2143411A28113C530031BF49 /* Resources */,
			);
			buildRules = (
			);
			dependencies = (
			);
			name = MyTube;
			packageProductDependencies = (
				2143412E28113C930031BF49 /* Alamofire */,
			);
			productName = MyTube;
			productReference = 2143411C28113C530031BF49 /* MyTube.app */;
			productType = "com.apple.product-type.application";
		};
/* End PBXNativeTarget section */

/* Begin PBXProject section */
		2143411428113C530031BF49 /* Project object */ = {
			isa = PBXProject;
			attributes = {
				BuildIndependentTargetsInParallel = 1;
				LastSwiftUpdateCheck = 1330;
				LastUpgradeCheck = 1330;
				TargetAttributes = {
					2143411B28113C530031BF49 = {
						CreatedOnToolsVersion = 13.3;
					};
				};
			};
			buildConfigurationList = 2143411728113C530031BF49 /* Build configuration list for PBXProject "MyTube" */;
			compatibilityVersion = "Xcode 13.0";
			developmentRegion = en;
			hasScannedForEncodings = 0;
			knownRegions = (
				en,
				Base,
			);
			mainGroup = 2143411328113C530031BF49;
			packageReferences = (
				2143412D28113C930031BF49 /* XCRemoteSwiftPackageReference "Alamofire" */,
			);
			productRefGroup = 2143411D28113C530031BF49 /* Products */;
			projectDirPath = "";
			projectRoot = "";
			targets = (
				2143411B28113C530031BF49 /* MyTube */,
			);
		};
/* End PBXProject section */

/* Begin PBXResourcesBuildPhase section */
		2143411A28113C530031BF49 /* Resources */ = {
			isa = PBXResourcesBuildPhase;
			buildActionMask = 2147483647;
			files = (
				2143412728113C540031BF49 /* Preview Assets.xcassets in Resources */,
				2143412428113C540031BF49 /* Assets.xcassets in Resources */,
			);
			runOnlyForDeploymentPostprocessing = 0;
		};
/* End PBXResourcesBuildPhase section */

/* Begin PBXSourcesBuildPhase section */
		2143411828113C530031BF49 /* Sources */ = {
			isa = PBXSourcesBuildPhase;
			buildActionMask = 2147483647;
			files = (
				21434135281217790031BF49 /* Response.swift in Sources */,
				2143413A281221D50031BF49 /* VideoModel.swift in Sources */,
				2143412028113C530031BF49 /* MyTubeApp.swift in Sources */,
				214341452812B8D10031BF49 /* VideoRow.swift in Sources */,
				2143413E2812B25D0031BF49 /* CacheManager.swift in Sources */,
				214341412812B5FB0031BF49 /* YoutubeVideoPlayer.swift in Sources */,
				214341432812B7A50031BF49 /* VideoDetail.swift in Sources */,
				2143413228113E210031BF49 /* Constants.swift in Sources */,
				2143413C281225F20031BF49 /* VideoPreview.swift in Sources */,
				214341472812BB650031BF49 /* Home.swift in Sources */,
				21434137281217A50031BF49 /* Video.swift in Sources */,
			);
			runOnlyForDeploymentPostprocessing = 0;
		};
/* End PBXSourcesBuildPhase section */

/* Begin XCBuildConfiguration section */
		2143412828113C540031BF49 /* Debug */ = {
			isa = XCBuildConfiguration;
			buildSettings = {
				ALWAYS_SEARCH_USER_PATHS = NO;
				CLANG_ANALYZER_NONNULL = YES;
				CLANG_ANALYZER_NUMBER_OBJECT_CONVERSION = YES_AGGRESSIVE;
				CLANG_CXX_LANGUAGE_STANDARD = "gnu++17";
				CLANG_ENABLE_MODULES = YES;
				CLANG_ENABLE_OBJC_ARC = YES;
				CLANG_ENABLE_OBJC_WEAK = YES;
				CLANG_WARN_BLOCK_CAPTURE_AUTORELEASING = YES;
				CLANG_WARN_BOOL_CONVERSION = YES;
				CLANG_WARN_COMMA = YES;
				CLANG_WARN_CONSTANT_CONVERSION = YES;
				CLANG_WARN_DEPRECATED_OBJC_IMPLEMENTATIONS = YES;
				CLANG_WARN_DIRECT_OBJC_ISA_USAGE = YES_ERROR;
				CLANG_WARN_DOCUMENTATION_COMMENTS = YES;
				CLANG_WARN_EMPTY_BODY = YES;
				CLANG_WARN_ENUM_CONVERSION = YES;
				CLANG_WARN_INFINITE_RECURSION = YES;
				CLANG_WARN_INT_CONVERSION = YES;
				CLANG_WARN_NON_LITERAL_NULL_CONVERSION = YES;
				CLANG_WARN_OBJC_IMPLICIT_RETAIN_SELF = YES;
				CLANG_WARN_OBJC_LITERAL_CONVERSION = YES;
				CLANG_WARN_OBJC_ROOT_CLASS = YES_ERROR;
				CLANG_WARN_QUOTED_INCLUDE_IN_FRAMEWORK_HEADER = YES;
				CLANG_WARN_RANGE_LOOP_ANALYSIS = YES;
				CLANG_WARN_STRICT_PROTOTYPES = YES;
				CLANG_WARN_SUSPICIOUS_MOVE = YES;
				CLANG_WARN_UNGUARDED_AVAILABILITY = YES_AGGRESSIVE;
				CLANG_WARN_UNREACHABLE_CODE = YES;
				CLANG_WARN__DUPLICATE_METHOD_MATCH = YES;
				COPY_PHASE_STRIP = NO;
				DEBUG_INFORMATION_FORMAT = dwarf;
				ENABLE_STRICT_OBJC_MSGSEND = YES;
				ENABLE_TESTABILITY = YES;
				GCC_C_LANGUAGE_STANDARD = gnu11;
				GCC_DYNAMIC_NO_PIC = NO;
				GCC_NO_COMMON_BLOCKS = YES;
				GCC_OPTIMIZATION_LEVEL = 0;
				GCC_PREPROCESSOR_DEFINITIONS = (
					"DEBUG=1",
					"$(inherited)",
				);
				GCC_WARN_64_TO_32_BIT_CONVERSION = YES;
				GCC_WARN_ABOUT_RETURN_TYPE = YES_ERROR;
				GCC_WARN_UNDECLARED_SELECTOR = YES;
				GCC_WARN_UNINITIALIZED_AUTOS = YES_AGGRESSIVE;
				GCC_WARN_UNUSED_FUNCTION = YES;
				GCC_WARN_UNUSED_VARIABLE = YES;
				IPHONEOS_DEPLOYMENT_TARGET = 15.4;
				MTL_ENABLE_DEBUG_INFO = INCLUDE_SOURCE;
				MTL_FAST_MATH = YES;
				ONLY_ACTIVE_ARCH = YES;
				SDKROOT = iphoneos;
				SWIFT_ACTIVE_COMPILATION_CONDITIONS = DEBUG;
				SWIFT_OPTIMIZATION_LEVEL = "-Onone";
			};
			name = Debug;
		};
		2143412928113C540031BF49 /* Release */ = {
			isa = XCBuildConfiguration;
			buildSettings = {
				ALWAYS_SEARCH_USER_PATHS = NO;
				CLANG_ANALYZER_NONNULL = YES;
				CLANG_ANALYZER_NUMBER_OBJECT_CONVERSION = YES_AGGRESSIVE;
				CLANG_CXX_LANGUAGE_STANDARD = "gnu++17";
				CLANG_ENABLE_MODULES = YES;
				CLANG_ENABLE_OBJC_ARC = YES;
				CLANG_ENABLE_OBJC_WEAK = YES;
				CLANG_WARN_BLOCK_CAPTURE_AUTORELEASING = YES;
				CLANG_WARN_BOOL_CONVERSION = YES;
				CLANG_WARN_COMMA = YES;
				CLANG_WARN_CONSTANT_CONVERSION = YES;
				CLANG_WARN_DEPRECATED_OBJC_IMPLEMENTATIONS = YES;
				CLANG_WARN_DIRECT_OBJC_ISA_USAGE = YES_ERROR;
				CLANG_WARN_DOCUMENTATION_COMMENTS = YES;
				CLANG_WARN_EMPTY_BODY = YES;
				CLANG_WARN_ENUM_CONVERSION = YES;
				CLANG_WARN_INFINITE_RECURSION = YES;
				CLANG_WARN_INT_CONVERSION = YES;
				CLANG_WARN_NON_LITERAL_NULL_CONVERSION = YES;
				CLANG_WARN_OBJC_IMPLICIT_RETAIN_SELF = YES;
				CLANG_WARN_OBJC_LITERAL_CONVERSION = YES;
				CLANG_WARN_OBJC_ROOT_CLASS = YES_ERROR;
				CLANG_WARN_QUOTED_INCLUDE_IN_FRAMEWORK_HEADER = YES;
				CLANG_WARN_RANGE_LOOP_ANALYSIS = YES;
				CLANG_WARN_STRICT_PROTOTYPES = YES;
				CLANG_WARN_SUSPICIOUS_MOVE = YES;
				CLANG_WARN_UNGUARDED_AVAILABILITY = YES_AGGRESSIVE;
				CLANG_WARN_UNREACHABLE_CODE = YES;
				CLANG_WARN__DUPLICATE_METHOD_MATCH = YES;
				COPY_PHASE_STRIP = NO;
				DEBUG_INFORMATION_FORMAT = "dwarf-with-dsym";
				ENABLE_NS_ASSERTIONS = NO;
				ENABLE_STRICT_OBJC_MSGSEND = YES;
				GCC_C_LANGUAGE_STANDARD = gnu11;
				GCC_NO_COMMON_BLOCKS = YES;
				GCC_WARN_64_TO_32_BIT_CONVERSION = YES;
				GCC_WARN_ABOUT_RETURN_TYPE = YES_ERROR;
				GCC_WARN_UNDECLARED_SELECTOR = YES;
				GCC_WARN_UNINITIALIZED_AUTOS = YES_AGGRESSIVE;
				GCC_WARN_UNUSED_FUNCTION = YES;
				GCC_WARN_UNUSED_VARIABLE = YES;
				IPHONEOS_DEPLOYMENT_TARGET = 15.4;
				MTL_ENABLE_DEBUG_INFO = NO;
				MTL_FAST_MATH = YES;
				SDKROOT = iphoneos;
				SWIFT_COMPILATION_MODE = wholemodule;
				SWIFT_OPTIMIZATION_LEVEL = "-O";
				VALIDATE_PRODUCT = YES;
			};
			name = Release;
		};
		2143412B28113C540031BF49 /* Debug */ = {
			isa = XCBuildConfiguration;
			buildSettings = {
				ASSETCATALOG_COMPILER_APPICON_NAME = AppIcon;
				ASSETCATALOG_COMPILER_GLOBAL_ACCENT_COLOR_NAME = AccentColor;
				CODE_SIGN_STYLE = Automatic;
				CURRENT_PROJECT_VERSION = 1;
				DEVELOPMENT_ASSET_PATHS = "\"MyTube/Preview Content\"";
				DEVELOPMENT_TEAM = 5P89546L9R;
				ENABLE_PREVIEWS = YES;
				GENERATE_INFOPLIST_FILE = YES;
				INFOPLIST_KEY_UIApplicationSceneManifest_Generation = YES;
				INFOPLIST_KEY_UIApplicationSupportsIndirectInputEvents = YES;
				INFOPLIST_KEY_UILaunchScreen_Generation = YES;
				INFOPLIST_KEY_UISupportedInterfaceOrientations_iPad = "UIInterfaceOrientationPortrait UIInterfaceOrientationPortraitUpsideDown UIInterfaceOrientationLandscapeLeft UIInterfaceOrientationLandscapeRight";
				INFOPLIST_KEY_UISupportedInterfaceOrientations_iPhone = "UIInterfaceOrientationPortrait UIInterfaceOrientationLandscapeLeft UIInterfaceOrientationLandscapeRight";
				LD_RUNPATH_SEARCH_PATHS = (
					"$(inherited)",
					"@executable_path/Frameworks",
				);
				MARKETING_VERSION = 1.0;
				PRODUCT_BUNDLE_IDENTIFIER = milasgarden.MyTube;
				PRODUCT_NAME = "$(TARGET_NAME)";
				SWIFT_EMIT_LOC_STRINGS = YES;
				SWIFT_VERSION = 5.0;
				TARGETED_DEVICE_FAMILY = "1,2";
			};
			name = Debug;
		};
		2143412C28113C540031BF49 /* Release */ = {
			isa = XCBuildConfiguration;
			buildSettings = {
				ASSETCATALOG_COMPILER_APPICON_NAME = AppIcon;
				ASSETCATALOG_COMPILER_GLOBAL_ACCENT_COLOR_NAME = AccentColor;
				CODE_SIGN_STYLE = Automatic;
				CURRENT_PROJECT_VERSION = 1;
				DEVELOPMENT_ASSET_PATHS = "\"MyTube/Preview Content\"";
				DEVELOPMENT_TEAM = 5P89546L9R;
				ENABLE_PREVIEWS = YES;
				GENERATE_INFOPLIST_FILE = YES;
				INFOPLIST_KEY_UIApplicationSceneManifest_Generation = YES;
				INFOPLIST_KEY_UIApplicationSupportsIndirectInputEvents = YES;
				INFOPLIST_KEY_UILaunchScreen_Generation = YES;
				INFOPLIST_KEY_UISupportedInterfaceOrientations_iPad = "UIInterfaceOrientationPortrait UIInterfaceOrientationPortraitUpsideDown UIInterfaceOrientationLandscapeLeft UIInterfaceOrientationLandscapeRight";
				INFOPLIST_KEY_UISupportedInterfaceOrientations_iPhone = "UIInterfaceOrientationPortrait UIInterfaceOrientationLandscapeLeft UIInterfaceOrientationLandscapeRight";
				LD_RUNPATH_SEARCH_PATHS = (
					"$(inherited)",
					"@executable_path/Frameworks",
				);
				MARKETING_VERSION = 1.0;
				PRODUCT_BUNDLE_IDENTIFIER = milasgarden.MyTube;
				PRODUCT_NAME = "$(TARGET_NAME)";
				SWIFT_EMIT_LOC_STRINGS = YES;
				SWIFT_VERSION = 5.0;
				TARGETED_DEVICE_FAMILY = "1,2";
			};
			name = Release;
		};
/* End XCBuildConfiguration section */

/* Begin XCConfigurationList section */
		2143411728113C530031BF49 /* Build configuration list for PBXProject "MyTube" */ = {
			isa = XCConfigurationList;
			buildConfigurations = (
				2143412828113C540031BF49 /* Debug */,
				2143412928113C540031BF49 /* Release */,
			);
			defaultConfigurationIsVisible = 0;
			defaultConfigurationName = Release;
		};
		2143412A28113C540031BF49 /* Build configuration list for PBXNativeTarget "MyTube" */ = {
			isa = XCConfigurationList;
			buildConfigurations = (
				2143412B28113C540031BF49 /* Debug */,
				2143412C28113C540031BF49 /* Release */,
			);
			defaultConfigurationIsVisible = 0;
			defaultConfigurationName = Release;
		};
/* End XCConfigurationList section */

/* Begin XCRemoteSwiftPackageReference section */
		2143412D28113C930031BF49 /* XCRemoteSwiftPackageReference "Alamofire" */ = {
			isa = XCRemoteSwiftPackageReference;
			repositoryURL = "https://github.com/Alamofire/Alamofire";
			requirement = {
				branch = master;
				kind = branch;
			};
		};
/* End XCRemoteSwiftPackageReference section */

/* Begin XCSwiftPackageProductDependency section */
		2143412E28113C930031BF49 /* Alamofire */ = {
			isa = XCSwiftPackageProductDependency;
			package = 2143412D28113C930031BF49 /* XCRemoteSwiftPackageReference "Alamofire" */;
			productName = Alamofire;
		};
/* End XCSwiftPackageProductDependency section */
	};
	rootObject = 2143411428113C530031BF49 /* Project object */;
}
